schema_version: part-lock.v1
project: nexdap-rp2040-esp32c3-isolated-wireless-cmsis-dap
generated_at: "2026-05-16T12:00:00Z"
parts:
  - ref: U2
    role: rp2040_cmsis_dap_engine
    mpn: RP2040
    value: RP2040
    lcsc_id: C2040
    package: LQFN-56(7x7)
    source: jlcpcb_parts
    kicad_symbol: ""
    kicad_footprint: ""
    risk: medium
    note: "QFN-56 complex package. JLC MCP install via: node scripts/jlc_mcp_bridge.mjs install --id C2040 --project-path <dir>"
    price: 0.98
    status: locked

  - ref: U1
    role: esp32c3_transaction_manager
    mpn: ESP32-C3
    value: ESP32-C3
    lcsc_id: C2838500
    package: QFN-32-EP(5x5)
    source: jlcpcb_parts
    kicad_symbol: ""
    kicad_footprint: ""
    risk: medium
    note: "Bare ESP32-C3 chip. Needs 40MHz crystal + Johanson 2450AT18A100E chip antenna (1206) with pi-matching network. Built-in 4MB flash. Much simpler RF than PCB antenna."
    price: 1.83
    status: locked

  - ref: U3
    role: rp2040_external_flash
    mpn: GD25Q16ETIGR
    value: GD25Q16ETIGR
    lcsc_id: C2904431
    package: SOP-8
    source: jlcpcb_parts
    kicad_symbol: ""
    kicad_footprint: ""
    risk: low
    note: "16Mbit QSPI NOR Flash. SOP-8 easy hand-solder."
    price: 0.44
    status: locked

  - ref: U4
    role: main_3v3_buck
    mpn: SY8089A1AAC
    value: SY8089A1AAC
    lcsc_id: C479074
    package: SOT-23-5
    source: jlcpcb_parts
    kicad_symbol: ""
    kicad_footprint: ""
    risk: low
    note: "2A sync buck, SOT-23-5. Needs inductor 2.2-4.7uH + input/output MLCC + feedback resistors."
    price: 0.084
    status: locked

  - ref: U5
    role: target_3v3_power_switch
    mpn: TPS22918DBVR
    value: TPS22918DBVR
    lcsc_id: C131941
    package: SOT-23-6
    source: jlcpcb_parts
    kicad_symbol: ""
    kicad_footprint: ""
    risk: low
    note: "2A load switch. Verify reverse current blocking. Add Schottky for anti-backfeed if needed."
    price: 0.24
    status: locked

  - ref: U8
    role: input_efuse
    mpn: MNCP380HSN05AAT1G
    value: MNCP380HSN05AAT1G
    lcsc_id: C42403123
    package: SOT-23-5
    source: jlcpcb_parts
    kicad_symbol: ""
    kicad_footprint: ""
    risk: low
    note: "USB input overcurrent protection. Verify current limit threshold."
    price: 0.20
    status: locked

  - ref: U6
    role: digital_isolation_barrier
    mpn: CA-IS3742HW
    value: CA-IS3742HW
    lcsc_id: C528654
    package: SOIC-16-300mil
    source: jlcpcb_parts
    kicad_symbol: ""
    kicad_footprint: ""
    risk: medium
    note: "4ch isolator 2fwd+2rev 150Mbps. SWDIO bidirectional needs external tri-state buffer + GPIO direction control."
    price: 0.98
    status: locked

  - ref: U7
    role: isolated_dcdc
    mpn: B0505S-1WR3
    value: B0505S-1WR3
    lcsc_id: C7465178
    package: SIP-4
    source: jlcpcb_parts
    kicad_symbol: ""
    kicad_footprint: ""
    risk: medium
    note: "1W 5V/5V isolated DC-DC. May need 2W model if target 300mA goes through isolation. Post-LDO filtering required."
    price: 0.76
    status: needs_review

  - ref: U9
    role: target_ldo_3v3
    mpn: XC6206P332MR
    value: XC6206P332MR
    lcsc_id: C347376
    package: SOT-23
    source: jlcpcb_parts
    kicad_symbol: ""
    kicad_footprint: ""
    risk: low
    note: "250mA LDO for clean target-side 3.3V. Post-isolation DC-DC ripple cleanup."
    price: 0.017
    status: locked

  - ref: D1
    role: usb_esd_protection
    mpn: USBLC6-2SC6
    value: USBLC6-2SC6
    lcsc_id: C2827654
    package: SOT-23-6
    source: jlcpcb_parts
    kicad_symbol: ""
    kicad_footprint: ""
    risk: low
    note: "Place close to USB-C connector."
    price: 0.041
    status: locked

  - ref: J1
    role: usb_c_input
    mpn: TYPE-C16PIN
    value: TYPE-C16PIN
    lcsc_id: C393939
    package: SMD
    source: jlcpcb_parts
    kicad_symbol: ""
    kicad_footprint: ""
    risk: medium
    note: "16-pin USB-C receptacle SMD right-angle. CC1/CC2 need 5.1k pulldown each."
    price: 0.071
    status: locked

  - ref: Y1
    role: rp2040_crystal
    mpn: HY12MSMD3225EB1R30
    value: 12MHz
    lcsc_id: C7275086
    package: SMD3225-4P
    source: jlcpcb_parts
    kicad_symbol: ""
    kicad_footprint: ""
    risk: low
    note: "12MHz 10pF ±30ppm. Load caps per CL calculation. Place close to RP2040."
    price: 0.074
    status: locked

  - ref: Y2
    role: esp32c3_crystal
    mpn: HY40MSMD3225GB1R30
    value: 40MHz
    lcsc_id: C5265885
    package: SMD3225-4P
    source: jlcpcb_parts
    kicad_symbol: ""
    kicad_footprint: ""
    risk: low
    note: "40MHz 15pF ±10ppm. Critical for WiFi operation. Follow Espressif layout guidelines."
    price: 0.074
    status: locked

  - ref: D2
    role: target_esd_protection
    mpn: SRV05-4
    value: SRV05-4
    lcsc_id: C2836319
    package: SOT-23-6
    source: jlcpcb_parts
    kicad_symbol: ""
    kicad_footprint: ""
    risk: low
    note: "4ch ESD for SWDIO/SWCLK/SWO/nRESET. Place close to target connector on isolated side."
    price: 0.025
    status: locked

  - ref: D3
    role: power_led
    mpn: LTST-C191TBKT
    value: LED_BLUE
    lcsc_id: C99290
    package: "0603"
    source: jlcpcb_parts
    kicad_symbol: ""
    kicad_footprint: ""
    risk: low
    note: "Power indicator. Add 330Ω-1kΩ series resistor."
    price: 0.019
    status: locked

  - ref: J2
    role: target_swd_connector
    mpn: HX PZ1.27-2x5P TP
    value: ARM10_1.27mm
    lcsc_id: C41376037
    package: SMD,P=1.27mm
    source: jlcpcb_parts
    kicad_symbol: ""
    kicad_footprint: ""
    risk: low
    note: "ARM Cortex 10-pin 1.27mm 2x5 header. Gold plated. Standard debug connector."
    price: 0.084
    status: locked

  - ref: ANT1
    role: esp32c3_chip_antenna
    mpn: 2450AT18A100E
    value: 2.4GHz_ANT
    lcsc_id: C89334
    package: "1206"
    source: jlcpcb_parts
    kicad_symbol: ""
    kicad_footprint: ""
    risk: low
    note: "Johanson 2.4GHz ceramic chip antenna. 1206 SMD (3.2x1.6mm). 50Ω input. Requires ground clearance per datasheet + pi-matching network (~1.5pF shunt + 2.0nH series typical)."
    price: 0.50
    status: locked

  - ref: R_CC
    role: usb_cc_resistors
    mpn: RCA025K1JLF
    value: 5.1kΩ
    lcsc_id: C22356228
    package: "0402"
    source: jlcpcb_parts
    kicad_symbol: ""
    kicad_footprint: ""
    risk: low
    note: "Two required (CC1, CC2). Pull-down to GND for USB-C 5V/500mA."
    price: 0.001
    status: locked
