schema_version: "part-lock.v1"
generated_at: "2026-05-18T09:52:02.908870+00:00"
parts:
  - ref: J1
    role: usb_c_input
    mpn: "MC-311D"
    value: "USB-C-16P"
    lcsc_id: C136423
    package: SMD
    source: jlcpcb_parts
    kicad_symbol: ""
    kicad_footprint: ""
    risk: medium
    note: "Non-standard package — recommend manual review of footprint"
    imported_at: "2026-05-18T09:52:02.908870+00:00"
    price: 0.2278
    status: review
  - ref: R_CC1
    role: usb_cc1_pulldown
    mpn: 0603WAF5101T5E
    value: 5.1k
    lcsc_id: C23186
    package: 0603
    source: jlcpcb_parts
    kicad_symbol: ""
    kicad_footprint: ""
    risk: low
    note: Standard package — low import risk
    imported_at: "2026-05-18T09:52:02.908870+00:00"
    price: 0.0016
    status: review
  - ref: D_USB_ESD
    role: usb_esd_protection
    mpn: "USBLC6-2SC6"
    value: "USBLC6-2SC6"
    lcsc_id: C7519
    package: "SOT-23-6L"
    source: jlcpcb_parts
    kicad_symbol: ""
    kicad_footprint: ""
    risk: low
    note: Standard package — low import risk
    imported_at: "2026-05-18T09:52:02.908870+00:00"
    price: 0.1513
    status: review
  - ref: F1
    role: usb_vbus_efuse
    mpn: MNCP380HSN05AAT1G
    value: MNCP380HSN05AAT1G
    lcsc_id: C42403123
    package: "SOT-23-5"
    source: jlcpcb_parts
    kicad_symbol: ""
    kicad_footprint: ""
    risk: low
    note: Standard package — low import risk
    imported_at: "2026-05-18T09:52:02.908870+00:00"
    price: 0.1976
    status: review
  - ref: U_BUCK
    role: main_3v3_buck
    mpn: SY8089A1AAC
    value: SY8089A1AAC
    lcsc_id: C479074
    package: "SOT-23-5"
    source: jlcpcb_parts
    kicad_symbol: ""
    kicad_footprint: ""
    risk: low
    note: Standard package — low import risk
    imported_at: "2026-05-18T09:52:02.908870+00:00"
    price: 0.093
    status: review
  - ref: L_BUCK
    role: buck_power_inductor
    mpn: GZ2012D101TF
    value: 2.2uH
    lcsc_id: C1015
    package: 0805
    source: jlcpcb_parts
    kicad_symbol: ""
    kicad_footprint: ""
    risk: low
    note: Standard package — low import risk
    imported_at: "2026-05-18T09:52:02.908870+00:00"
    price: 0.015
    status: locked
  - ref: C_BUCK_IN
    role: buck_input_capacitor
    mpn: TAJA106K016RNJ
    value: 10uF
    lcsc_id: C7171
    package: "CASE-A-3216-18(mm)"
    source: jlcpcb_parts
    kicad_symbol: ""
    kicad_footprint: ""
    risk: medium
    note: "Non-standard package — recommend manual review of footprint"
    imported_at: "2026-05-18T09:52:02.908870+00:00"
    price: 0.1425
    status: review
  - ref: C_BUCK_OUT
    role: buck_output_capacitor
    mpn: 1206X226K100NT
    value: 22uF
    lcsc_id: C1859
    package: 1206
    source: jlcpcb_parts
    kicad_symbol: ""
    kicad_footprint: ""
    risk: low
    note: Standard package — low import risk
    imported_at: "2026-05-18T09:52:02.908870+00:00"
    price: 0.0385
    status: review
  - ref: R_BUCK_FB1
    role: buck_feedback_resistor_top
    mpn: 1206W4F1003T5E
    value: 100k
    lcsc_id: C17900
    package: 1206
    source: jlcpcb_parts
    kicad_symbol: ""
    kicad_footprint: ""
    risk: low
    note: Standard package — low import risk
    imported_at: "2026-05-18T09:52:02.908870+00:00"
    price: 0.0042
    status: review
  - ref: R_BUCK_FB2
    role: buck_feedback_resistor_bottom
    mpn: 0603WAF3302T5E
    value: 33k
    lcsc_id: C4216
    package: 0603
    source: jlcpcb_parts
    kicad_symbol: ""
    kicad_footprint: ""
    risk: low
    note: Standard package — low import risk
    imported_at: "2026-05-18T09:52:02.908870+00:00"
    price: 0.0015
    status: review
  - ref: U_ESP32
    role: esp32c3_host_controller
    mpn: "PIC10F200T-I/OT"
    value: "ESP32-C3FH4X"
    lcsc_id: C8224
    package: "SOT-23-6"
    source: jlcpcb_parts
    kicad_symbol: ""
    kicad_footprint: ""
    risk: low
    note: Standard package — low import risk
    imported_at: "2026-05-18T09:52:02.908870+00:00"
    price: 0.8205
    status: review
  - ref: R_ESP_EN
    role: esp_chip_en_pullup
    mpn: 0805W8F1002T5E
    value: 10k
    lcsc_id: C17414
    package: 0805
    source: jlcpcb_parts
    kicad_symbol: ""
    kicad_footprint: ""
    risk: low
    note: Standard package — low import risk
    imported_at: "2026-05-18T09:52:02.908870+00:00"
    price: 0.0029
    status: review
  - ref: C_ESP_EN
    role: esp_en_reset_capacitor
    mpn: CL05B104KO5NNNC
    value: 0.1uF
    lcsc_id: C1525
    package: 0402
    source: jlcpcb_parts
    kicad_symbol: ""
    kicad_footprint: ""
    risk: low
    note: Standard package — low import risk
    imported_at: "2026-05-18T09:52:02.908870+00:00"
    price: 0.0015
    status: review
  - ref: SW_ESP_RST
    role: esp32_reset_button
    mpn: "TK-6580S-2"
    value: "TK-6580S-2"
    lcsc_id: C528775
    package: SMD
    source: jlcpcb_parts
    kicad_symbol: ""
    kicad_footprint: ""
    risk: medium
    note: "Non-standard package — recommend manual review of footprint"
    imported_at: "2026-05-18T09:52:02.908870+00:00"
    price: 0.476
    status: review
  - ref: Y_ESP32
    role: esp32_40mhz_crystal
    mpn: X322540MPB4SI
    value: 40MHz
    lcsc_id: C9010
    package: "SMD3225-4P"
    source: jlcpcb_parts
    kicad_symbol: ""
    kicad_footprint: ""
    risk: low
    note: Standard package — low import risk
    imported_at: "2026-05-18T09:52:02.908870+00:00"
    price: 0.0941
    status: review
  - ref: C_ESP_XTAL1
    role: esp_xtal_load_cap_1
    mpn: 0402CG220J500NT
    value: 22pF
    lcsc_id: C1555
    package: 0402
    source: jlcpcb_parts
    kicad_symbol: ""
    kicad_footprint: ""
    risk: low
    note: Standard package — low import risk
    imported_at: "2026-05-18T09:52:02.908870+00:00"
    price: 0.0013
    status: review
  - ref: L_RF
    role: rf_series_matching_inductor
    mpn: "CS0402-3N9G-S"
    value: 3.9nH
    lcsc_id: C285959
    package: 0402
    source: jlcpcb_parts
    kicad_symbol: ""
    kicad_footprint: ""
    risk: low
    note: Standard package — low import risk
    imported_at: "2026-05-18T09:52:02.908870+00:00"
    price: 0.0542
    status: locked
  - ref: C_RF_SHUNT
    role: rf_shunt_matching_cap
    mpn: 0402CG1R2C500NT
    value: 1.2pF
    lcsc_id: C1551
    package: 0402
    source: jlcpcb_parts
    kicad_symbol: ""
    kicad_footprint: ""
    risk: low
    note: Standard package — low import risk
    imported_at: "2026-05-18T09:52:02.908870+00:00"
    price: 0.0012
    status: review
  - ref: ANT1
    role: chip_antenna_2g4
    mpn: 2450AT18A100E
    value: 2450AT18A100E
    lcsc_id: C89334
    package: 1206
    source: jlcpcb_parts
    kicad_symbol: ""
    kicad_footprint: ""
    risk: low
    note: Standard package — low import risk
    imported_at: "2026-05-18T09:52:02.908870+00:00"
    price: 0.4968
    status: locked
  - ref: C_ESP_VDDA
    role: esp_vdda_decoupling
    mpn: CL31B105KBHNNNE
    value: 1uF
    lcsc_id: C1848
    package: 1206
    source: jlcpcb_parts
    kicad_symbol: ""
    kicad_footprint: ""
    risk: low
    note: Standard package — low import risk
    imported_at: "2026-05-18T09:52:02.908870+00:00"
    price: 0.0278
    status: review
  - ref: C_ESP_BULK
    role: esp_vdd3p3_bulk
    mpn: CL21A475KAQNNNE
    value: 4.7uF
    lcsc_id: C1779
    package: 0805
    source: jlcpcb_parts
    kicad_symbol: ""
    kicad_footprint: ""
    risk: low
    note: Standard package — low import risk
    imported_at: "2026-05-18T09:52:02.908870+00:00"
    price: 0.0156
    status: review
  - ref: U_RP2040
    role: rp2040_swd_timing_coprocessor
    mpn: RP2040
    value: RP2040
    lcsc_id: C2040
    package: "LQFN-56(7x7)"
    source: jlcpcb_parts
    kicad_symbol: ""
    kicad_footprint: ""
    risk: low
    note: Standard package — low import risk
    imported_at: "2026-05-18T09:52:02.908870+00:00"
    price: 0.9791
    status: review
  - ref: U_FLASH
    role: rp2040_qspi_flash
    mpn: GD25Q16ETIGR
    value: GD25Q16ETIGR
    lcsc_id: C2904431
    package: "SOP-8"
    source: jlcpcb_parts
    kicad_symbol: ""
    kicad_footprint: ""
    risk: low
    note: Standard package — low import risk
    imported_at: "2026-05-18T09:52:02.908870+00:00"
    price: 0.4407
    status: review
  - ref: Y_RP2040
    role: rp2040_12mhz_crystal
    mpn: X322512MSB4SI
    value: 12MHz
    lcsc_id: C9002
    package: "SMD3225-4P"
    source: jlcpcb_parts
    kicad_symbol: ""
    kicad_footprint: ""
    risk: low
    note: Standard package — low import risk
    imported_at: "2026-05-18T09:52:02.908870+00:00"
    price: 0.0736
    status: review
  - ref: Q_NRST
    role: nreset_open_drain_nmos
    mpn: 2N7002
    value: 2N7002
    lcsc_id: C8545
    package: "SOT-23"
    source: jlcpcb_parts
    kicad_symbol: ""
    kicad_footprint: ""
    risk: low
    note: Standard package — low import risk
    imported_at: "2026-05-18T09:52:02.908870+00:00"
    price: 0.0138
    status: review
  - ref: R_RP_BOOTSEL_GATE
    role: rp2040_bootsel_gate_resistor
    mpn: 0805W8F1000T5E
    value: 100R
    lcsc_id: C17408
    package: 0805
    source: jlcpcb_parts
    kicad_symbol: ""
    kicad_footprint: ""
    risk: low
    note: Standard package — low import risk
    imported_at: "2026-05-18T09:52:02.908870+00:00"
    price: 0.0023
    status: review
  - ref: R_SWDIO
    role: swdio_protection_resistor
    mpn: 0805W8F220JT5E
    value: 22R
    lcsc_id: C17561
    package: 0805
    source: jlcpcb_parts
    kicad_symbol: ""
    kicad_footprint: ""
    risk: low
    note: Standard package — low import risk
    imported_at: "2026-05-18T09:52:02.908870+00:00"
    price: 0.0027
    status: review
  - ref: F_TGT
    role: target_vbus_ptc_fuse
    mpn: 0805L020/30XR
    value: 200mA
    lcsc_id: C7472560
    package: 0805
    source: jlcpcb_parts
    kicad_symbol: ""
    kicad_footprint: ""
    risk: low
    note: Standard package — low import risk
    imported_at: "2026-05-18T09:52:02.908870+00:00"
    price: 0.0441
    status: locked
  - ref: JP_TGT_PWR
    role: target_power_enable_jumper
    mpn: 5104TR
    value: "2P-Jumper"
    lcsc_id: C7466142
    package: "SMD-2P"
    source: jlcpcb_parts
    kicad_symbol: ""
    kicad_footprint: ""
    risk: medium
    note: "Non-standard package — recommend manual review of footprint"
    imported_at: "2026-05-18T09:52:02.908870+00:00"
    price: 0.6635
    status: review
  - ref: D_TGT_ESD
    role: target_esd_protection
    mpn: "SRV05-4.TCT"
    value: "SRV05-4"
    lcsc_id: C13612
    package: "SOT-23-6L"
    source: jlcpcb_parts
    kicad_symbol: ""
    kicad_footprint: ""
    risk: low
    note: Standard package — low import risk
    imported_at: "2026-05-18T09:52:02.908870+00:00"
    price: 0.1483
    status: review
  - ref: J_TGT
    role: target_swd_connector
    mpn: "XH-3A"
    value: "Header-2.54-2x4P"
    lcsc_id: C2316
    package: "Plugin,P=2.5mm"
    source: jlcpcb_parts
    kicad_symbol: ""
    kicad_footprint: ""
    risk: medium
    note: "Non-standard package — recommend manual review of footprint"
    imported_at: "2026-05-18T09:52:02.908870+00:00"
    price: 0.0108
    status: review
  - ref: LED_PWR
    role: power_indicator_led
    mpn: "A24-GREEN"
    value: Green
    lcsc_id: C49451761
    package: "-"
    source: jlcpcb_parts
    kicad_symbol: ""
    kicad_footprint: ""
    risk: medium
    note: "Non-standard package — recommend manual review of footprint"
    imported_at: "2026-05-18T09:52:02.908870+00:00"
    price: 0.021
    status: review
  - ref: R_LED_PWR
    role: power_led_resistor
    mpn: 0805W8F3300T5E
    value: 330R
    lcsc_id: C17630
    package: 0805
    source: jlcpcb_parts
    kicad_symbol: ""
    kicad_footprint: ""
    risk: low
    note: Standard package — low import risk
    imported_at: "2026-05-18T09:52:02.908870+00:00"
    price: 0.0023
    status: review
  - ref: LED_DAP
    role: dap_activity_led
    mpn: "XH-2ABlue"
    value: Blue
    lcsc_id: C24194
    package: "Plugin,P=2.5mm"
    source: jlcpcb_parts
    kicad_symbol: ""
    kicad_footprint: ""
    risk: medium
    note: "Non-standard package — recommend manual review of footprint"
    imported_at: "2026-05-18T09:52:02.908870+00:00"
    price: 0.0109
    status: review
  - ref: LED_TGT
    role: target_power_led
    mpn: "XH-2ARed"
    value: Red
    lcsc_id: C24192
    package: "Plugin,P=2.5mm"
    source: jlcpcb_parts
    kicad_symbol: ""
    kicad_footprint: ""
    risk: medium
    note: "Non-standard package — recommend manual review of footprint"
    imported_at: "2026-05-18T09:52:02.908870+00:00"
    price: 0.0122
    status: review
  - ref: TP1
    role: test_point_swdio
    mpn: "TLP290-4(GB-TP,E"
    value: TP
    lcsc_id: C39031
    package: "SOP-16-4.4mm"
    source: jlcpcb_parts
    kicad_symbol: ""
    kicad_footprint: ""
    risk: low
    note: Standard package — low import risk
    imported_at: "2026-05-18T09:52:02.908870+00:00"
    price: 0.5833
    status: review
project: esp32c3_managed_rp2040_swd_coprocessor
